
Microsoft Visual Studio Solution File, Format Version 12.00
# Visual Studio Version 17
VisualStudioVersion = 17.1.31911.260
MinimumVisualStudioVersion = 10.0.40219.1
Project("{FAE04EC0-301F-11D3-BF4B-00C04F79EFBC}") = "Knux's Misc Tools", "Knux's Misc Tools\Knux's Misc Tools.csproj", "{F99F232A-C0B7-4B62-B012-177B899F5FF6}"
EndProject
Global
	GlobalSection(SolutionConfigurationPlatforms) = preSolution
		Debug|Any CPU = Debug|Any CPU
		Release|Any CPU = Release|Any CPU
	EndGlobalSection
	GlobalSection(ProjectConfigurationPlatforms) = postSolution
		{F99F232A-C0B7-4B62-B012-177B899F5FF6}.Debug|Any CPU.ActiveCfg = Debug|Any CPU
		{F99F232A-C0B7-4B62-B012-177B899F5FF6}.Debug|Any CPU.Build.0 = Debug|Any CPU
		{F99F232A-C0B7-4B62-B012-177B899F5FF6}.Release|Any CPU.ActiveCfg = Release|Any CPU
		{F99F232A-C0B7-4B62-B012-177B899F5FF6}.Release|Any CPU.Build.0 = Release|Any CPU
	EndGlobalSection
	GlobalSection(SolutionProperties) = preSolution
		HideSolutionNode = FALSE
	EndGlobalSection
	GlobalSection(ExtensibilityGlobals) = postSolution
		SolutionGuid = {22B3E8E3-D0B6-42ED-9558-3AEF8E04E5C8}
	EndGlobalSection
EndGlobal
