
Microsoft Visual Studio Solution File, Format Version 12.00
# Visual Studio Version 17
VisualStudioVersion = 17.1.31911.260
MinimumVisualStudioVersion = 10.0.40219.1
Project("{9A19103F-16F7-4668-BE54-9A1E7A4F7556}") = "Knux's Misc Tools", "Knux's Misc Tools\Knux's Misc Tools.csproj", "{F99F232A-C0B7-4B62-B012-177B899F5FF6}"
EndProject
Project("{9A19103F-16F7-4668-BE54-9A1E7A4F7556}") = "Sonic_Unleashed_ONE_Tool", "Sonic Unleashed ONE Tool\Sonic_Unleashed_ONE_Tool.csproj", "{D92AB71D-AEB5-4D3A-8C96-E2F53844B65F}"
EndProject
Project("{9A19103F-16F7-4668-BE54-9A1E7A4F7556}") = "Marathon", "Marathon\Marathon\Marathon.csproj", "{35029A7A-4E01-4734-A8DF-48689696D0DC}"
EndProject
Project("{FAE04EC0-301F-11D3-BF4B-00C04F79EFBC}") = "HedgeLib", "HedgeLib\HedgeLib\HedgeLib.csproj", "{EEB16FCA-FF9F-40B5-9D43-F2460AA930C8}"
EndProject
Project("{FAE04EC0-301F-11D3-BF4B-00C04F79EFBC}") = "FraGag.Compression.Prs", "prs.net\FraGag.Compression.Prs\FraGag.Compression.Prs.csproj", "{EC8BB2B3-1975-41B9-8D59-3A6403271112}"
EndProject
Global
	GlobalSection(SolutionConfigurationPlatforms) = preSolution
		Debug|Any CPU = Debug|Any CPU
		Release|Any CPU = Release|Any CPU
	EndGlobalSection
	GlobalSection(ProjectConfigurationPlatforms) = postSolution
		{F99F232A-C0B7-4B62-B012-177B899F5FF6}.Debug|Any CPU.ActiveCfg = Debug|Any CPU
		{F99F232A-C0B7-4B62-B012-177B899F5FF6}.Debug|Any CPU.Build.0 = Debug|Any CPU
		{F99F232A-C0B7-4B62-B012-177B899F5FF6}.Release|Any CPU.ActiveCfg = Release|Any CPU
		{F99F232A-C0B7-4B62-B012-177B899F5FF6}.Release|Any CPU.Build.0 = Release|Any CPU
		{D92AB71D-AEB5-4D3A-8C96-E2F53844B65F}.Debug|Any CPU.ActiveCfg = Debug|Any CPU
		{D92AB71D-AEB5-4D3A-8C96-E2F53844B65F}.Debug|Any CPU.Build.0 = Debug|Any CPU
		{D92AB71D-AEB5-4D3A-8C96-E2F53844B65F}.Release|Any CPU.ActiveCfg = Release|Any CPU
		{D92AB71D-AEB5-4D3A-8C96-E2F53844B65F}.Release|Any CPU.Build.0 = Release|Any CPU
		{35029A7A-4E01-4734-A8DF-48689696D0DC}.Debug|Any CPU.ActiveCfg = Debug|Any CPU
		{35029A7A-4E01-4734-A8DF-48689696D0DC}.Debug|Any CPU.Build.0 = Debug|Any CPU
		{35029A7A-4E01-4734-A8DF-48689696D0DC}.Release|Any CPU.ActiveCfg = Release|Any CPU
		{35029A7A-4E01-4734-A8DF-48689696D0DC}.Release|Any CPU.Build.0 = Release|Any CPU
		{EEB16FCA-FF9F-40B5-9D43-F2460AA930C8}.Debug|Any CPU.ActiveCfg = Debug|Any CPU
		{EEB16FCA-FF9F-40B5-9D43-F2460AA930C8}.Debug|Any CPU.Build.0 = Debug|Any CPU
		{EEB16FCA-FF9F-40B5-9D43-F2460AA930C8}.Release|Any CPU.ActiveCfg = Release|Any CPU
		{EEB16FCA-FF9F-40B5-9D43-F2460AA930C8}.Release|Any CPU.Build.0 = Release|Any CPU
		{EC8BB2B3-1975-41B9-8D59-3A6403271112}.Debug|Any CPU.ActiveCfg = Debug|Any CPU
		{EC8BB2B3-1975-41B9-8D59-3A6403271112}.Debug|Any CPU.Build.0 = Debug|Any CPU
		{EC8BB2B3-1975-41B9-8D59-3A6403271112}.Release|Any CPU.ActiveCfg = Release|Any CPU
		{EC8BB2B3-1975-41B9-8D59-3A6403271112}.Release|Any CPU.Build.0 = Release|Any CPU
	EndGlobalSection
	GlobalSection(SolutionProperties) = preSolution
		HideSolutionNode = FALSE
	EndGlobalSection
	GlobalSection(ExtensibilityGlobals) = postSolution
		SolutionGuid = {22B3E8E3-D0B6-42ED-9558-3AEF8E04E5C8}
	EndGlobalSection
EndGlobal
